
Microsoft Visual Studio Solution File, Format Version 12.00
# Visual Studio 2013
VisualStudioVersion = 12.0.21005.1
MinimumVisualStudioVersion = 10.0.40219.1
Project("{2150E333-8FDC-42A3-9474-1A3956D46DE8}") = "Solution Items", "Solution Items", "{5AF3D616-8227-49B4-90EA-4F5FFCEB65F5}"
	ProjectSection(SolutionItems) = preProject
		ChristmasPick1.vsmdi = ChristmasPick1.vsmdi
		ChristmasPick2.vsmdi = ChristmasPick2.vsmdi
		ChristmasPick3.vsmdi = ChristmasPick3.vsmdi
		ChristmasPick4.vsmdi = ChristmasPick4.vsmdi
		LocalTestRun.testrunconfig = LocalTestRun.testrunconfig
	EndProjectSection
EndProject
Project("{FAE04EC0-301F-11D3-BF4B-00C04F79EFBC}") = "Common", "Common\Common.csproj", "{02BEF2BC-8516-4D62-949F-86AF106BD155}"
EndProject
Project("{FAE04EC0-301F-11D3-BF4B-00C04F79EFBC}") = "Common.Test", "Common.Test\Common.Test.csproj", "{383C361D-FE1A-4172-99B1-F0CA40D1D36F}"
EndProject
Project("{FAE04EC0-301F-11D3-BF4B-00C04F79EFBC}") = "XmasPickTrialHarness", "XmasPickTrialHarness\XmasPickTrialHarness.csproj", "{9B671BF2-4D64-4138-BD0D-F19E2894D023}"
EndProject
Project("{FAE04EC0-301F-11D3-BF4B-00C04F79EFBC}") = "XmasPickReport", "XmasPickReport\XmasPickReport.csproj", "{7AE75B80-2AAE-4F97-99AC-D2329EAE3E17}"
EndProject
Project("{FAE04EC0-301F-11D3-BF4B-00C04F79EFBC}") = "XmasPickVerification", "XmasPickVerification\XmasPickVerification.csproj", "{A006A3CF-1F39-4A35-AAC6-E051A34F7275}"
EndProject
Global
	GlobalSection(SolutionConfigurationPlatforms) = preSolution
		Debug|Any CPU = Debug|Any CPU
		Release|Any CPU = Release|Any CPU
	EndGlobalSection
	GlobalSection(ProjectConfigurationPlatforms) = postSolution
		{02BEF2BC-8516-4D62-949F-86AF106BD155}.Debug|Any CPU.ActiveCfg = Debug|Any CPU
		{02BEF2BC-8516-4D62-949F-86AF106BD155}.Debug|Any CPU.Build.0 = Debug|Any CPU
		{02BEF2BC-8516-4D62-949F-86AF106BD155}.Release|Any CPU.ActiveCfg = Release|Any CPU
		{02BEF2BC-8516-4D62-949F-86AF106BD155}.Release|Any CPU.Build.0 = Release|Any CPU
		{383C361D-FE1A-4172-99B1-F0CA40D1D36F}.Debug|Any CPU.ActiveCfg = Debug|Any CPU
		{383C361D-FE1A-4172-99B1-F0CA40D1D36F}.Debug|Any CPU.Build.0 = Debug|Any CPU
		{383C361D-FE1A-4172-99B1-F0CA40D1D36F}.Release|Any CPU.ActiveCfg = Release|Any CPU
		{383C361D-FE1A-4172-99B1-F0CA40D1D36F}.Release|Any CPU.Build.0 = Release|Any CPU
		{9B671BF2-4D64-4138-BD0D-F19E2894D023}.Debug|Any CPU.ActiveCfg = Debug|Any CPU
		{9B671BF2-4D64-4138-BD0D-F19E2894D023}.Debug|Any CPU.Build.0 = Debug|Any CPU
		{9B671BF2-4D64-4138-BD0D-F19E2894D023}.Release|Any CPU.ActiveCfg = Release|Any CPU
		{9B671BF2-4D64-4138-BD0D-F19E2894D023}.Release|Any CPU.Build.0 = Release|Any CPU
		{7AE75B80-2AAE-4F97-99AC-D2329EAE3E17}.Debug|Any CPU.ActiveCfg = Debug|Any CPU
		{7AE75B80-2AAE-4F97-99AC-D2329EAE3E17}.Debug|Any CPU.Build.0 = Debug|Any CPU
		{7AE75B80-2AAE-4F97-99AC-D2329EAE3E17}.Release|Any CPU.ActiveCfg = Release|Any CPU
		{7AE75B80-2AAE-4F97-99AC-D2329EAE3E17}.Release|Any CPU.Build.0 = Release|Any CPU
		{A006A3CF-1F39-4A35-AAC6-E051A34F7275}.Debug|Any CPU.ActiveCfg = Debug|Any CPU
		{A006A3CF-1F39-4A35-AAC6-E051A34F7275}.Debug|Any CPU.Build.0 = Debug|Any CPU
		{A006A3CF-1F39-4A35-AAC6-E051A34F7275}.Release|Any CPU.ActiveCfg = Release|Any CPU
		{A006A3CF-1F39-4A35-AAC6-E051A34F7275}.Release|Any CPU.Build.0 = Release|Any CPU
	EndGlobalSection
	GlobalSection(SolutionProperties) = preSolution
		HideSolutionNode = FALSE
	EndGlobalSection
	GlobalSection(TestCaseManagementSettings) = postSolution
		CategoryFile = ChristmasPick4.vsmdi
	EndGlobalSection
EndGlobal
